
Microsoft Visual Studio Solution File, Format Version 12.00
Project("{FAE04EC0-301F-11D3-BF4B-00C04F79EFBC}") = "InterOpTutorial", "InterOpTutorial\InterOpTutorial.csproj", "{01E97F9B-7934-4278-A34C-A956B02CE914}"
EndProject
Global
	GlobalSection(SolutionConfigurationPlatforms) = preSolution
		Debug|Any CPU = Debug|Any CPU
		Release|Any CPU = Release|Any CPU
	EndGlobalSection
	GlobalSection(ProjectConfigurationPlatforms) = postSolution
		{01E97F9B-7934-4278-A34C-A956B02CE914}.Debug|Any CPU.ActiveCfg = Debug|Any CPU
		{01E97F9B-7934-4278-A34C-A956B02CE914}.Debug|Any CPU.Build.0 = Debug|Any CPU
		{01E97F9B-7934-4278-A34C-A956B02CE914}.Release|Any CPU.ActiveCfg = Release|Any CPU
		{01E97F9B-7934-4278-A34C-A956B02CE914}.Release|Any CPU.Build.0 = Release|Any CPU
	EndGlobalSection
EndGlobal
